// !$*UTF8*$!
{
	archiveVersion = 1;
	classes = {
	};
	objectVersion = 46;
	objects = {

/* Begin PBXBuildFile section */
		9E347FC7192798D800FB3A41 /* WSRAuthenticationViewController.m in Sources */ = {isa = PBXBuildFile; fileRef = 9E347FC6192798D800FB3A41 /* WSRAuthenticationViewController.m */; };
		9E94C35919147B4600D60337 /* Foundation.framework in Frameworks */ = {isa = PBXBuildFile; fileRef = 9E94C35819147B4600D60337 /* Foundation.framework */; };
		9E94C35B19147B4600D60337 /* CoreGraphics.framework in Frameworks */ = {isa = PBXBuildFile; fileRef = 9E94C35A19147B4600D60337 /* CoreGraphics.framework */; };
		9E94C35D19147B4600D60337 /* UIKit.framework in Frameworks */ = {isa = PBXBuildFile; fileRef = 9E94C35C19147B4600D60337 /* UIKit.framework */; };
		9E94C36319147B4600D60337 /* InfoPlist.strings in Resources */ = {isa = PBXBuildFile; fileRef = 9E94C36119147B4600D60337 /* InfoPlist.strings */; };
		9E94C36519147B4600D60337 /* main.m in Sources */ = {isa = PBXBuildFile; fileRef = 9E94C36419147B4600D60337 /* main.m */; };
		9E94C36919147B4600D60337 /* WSRAppDelegate.m in Sources */ = {isa = PBXBuildFile; fileRef = 9E94C36819147B4600D60337 /* WSRAppDelegate.m */; };
		9E94C36C19147B4600D60337 /* Main.storyboard in Resources */ = {isa = PBXBuildFile; fileRef = 9E94C36A19147B4600D60337 /* Main.storyboard */; };
		9E94C37419147B4600D60337 /* Images.xcassets in Resources */ = {isa = PBXBuildFile; fileRef = 9E94C37319147B4600D60337 /* Images.xcassets */; };
		9E94C37B19147B4600D60337 /* XCTest.framework in Frameworks */ = {isa = PBXBuildFile; fileRef = 9E94C37A19147B4600D60337 /* XCTest.framework */; };
		9E94C37C19147B4600D60337 /* Foundation.framework in Frameworks */ = {isa = PBXBuildFile; fileRef = 9E94C35819147B4600D60337 /* Foundation.framework */; };
		9E94C37D19147B4600D60337 /* UIKit.framework in Frameworks */ = {isa = PBXBuildFile; fileRef = 9E94C35C19147B4600D60337 /* UIKit.framework */; };
		9E94C38519147B4600D60337 /* InfoPlist.strings in Resources */ = {isa = PBXBuildFile; fileRef = 9E94C38319147B4600D60337 /* InfoPlist.strings */; };
		9E94C38719147B4600D60337 /* WisrTests.m in Sources */ = {isa = PBXBuildFile; fileRef = 9E94C38619147B4600D60337 /* WisrTests.m */; };
		9E94C396191486D600D60337 /* WSRAsker.m in Sources */ = {isa = PBXBuildFile; fileRef = 9E94C395191486D600D60337 /* WSRAsker.m */; };
		9E94C39919148AD300D60337 /* WSRAskersViewController.m in Sources */ = {isa = PBXBuildFile; fileRef = 9E94C39819148AD300D60337 /* WSRAskersViewController.m */; };
		9E94C39D19152D6800D60337 /* WSRApi.m in Sources */ = {isa = PBXBuildFile; fileRef = 9E94C39C19152D6800D60337 /* WSRApi.m */; };
		9E94C3A119156B8F00D60337 /* WSRFeedViewController.m in Sources */ = {isa = PBXBuildFile; fileRef = 9E94C3A019156B8F00D60337 /* WSRFeedViewController.m */; };
		9EA566A3194D08B000FA02F1 /* WSRSettingsViewController.m in Sources */ = {isa = PBXBuildFile; fileRef = 9EA566A2194D08B000FA02F1 /* WSRSettingsViewController.m */; };
		9EA5DA9D1922493100BD1C6D /* WSRWebViewNavigation.m in Sources */ = {isa = PBXBuildFile; fileRef = 9EA5DA9C1922493100BD1C6D /* WSRWebViewNavigation.m */; };
		9EC2B53C193F4C96005B81C7 /* WSRMyFeedViewController.m in Sources */ = {isa = PBXBuildFile; fileRef = 9EC2B53B193F4C96005B81C7 /* WSRMyFeedViewController.m */; };
		9ECFC7B9192396B100A6D39B /* UIColor+HexColors.m in Sources */ = {isa = PBXBuildFile; fileRef = 9ECFC7B8192396B100A6D39B /* UIColor+HexColors.m */; };
		9EF7DB5119326D09001078CD /* WSRAskersFollowViewController.m in Sources */ = {isa = PBXBuildFile; fileRef = 9EF7DB5019326D09001078CD /* WSRAskersFollowViewController.m */; };
/* End PBXBuildFile section */

/* Begin PBXContainerItemProxy section */
		9E94C37E19147B4600D60337 /* PBXContainerItemProxy */ = {
			isa = PBXContainerItemProxy;
			containerPortal = 9E94C34D19147B4600D60337 /* Project object */;
			proxyType = 1;
			remoteGlobalIDString = 9E94C35419147B4600D60337;
			remoteInfo = Wisr;
		};
/* End PBXContainerItemProxy section */

/* Begin PBXFileReference section */
		9E347FC5192798D800FB3A41 /* WSRAuthenticationViewController.h */ = {isa = PBXFileReference; fileEncoding = 4; lastKnownFileType = sourcecode.c.h; name = WSRAuthenticationViewController.h; path = Authentication/WSRAuthenticationViewController.h; sourceTree = "<group>"; };
		9E347FC6192798D800FB3A41 /* WSRAuthenticationViewController.m */ = {isa = PBXFileReference; fileEncoding = 4; lastKnownFileType = sourcecode.c.objc; name = WSRAuthenticationViewController.m; path = Authentication/WSRAuthenticationViewController.m; sourceTree = "<group>"; };
		9E94C35519147B4600D60337 /* Wisr.app */ = {isa = PBXFileReference; explicitFileType = wrapper.application; includeInIndex = 0; path = Wisr.app; sourceTree = BUILT_PRODUCTS_DIR; };
		9E94C35819147B4600D60337 /* Foundation.framework */ = {isa = PBXFileReference; lastKnownFileType = wrapper.framework; name = Foundation.framework; path = System/Library/Frameworks/Foundation.framework; sourceTree = SDKROOT; };
		9E94C35A19147B4600D60337 /* CoreGraphics.framework */ = {isa = PBXFileReference; lastKnownFileType = wrapper.framework; name = CoreGraphics.framework; path = System/Library/Frameworks/CoreGraphics.framework; sourceTree = SDKROOT; };
		9E94C35C19147B4600D60337 /* UIKit.framework */ = {isa = PBXFileReference; lastKnownFileType = wrapper.framework; name = UIKit.framework; path = System/Library/Frameworks/UIKit.framework; sourceTree = SDKROOT; };
		9E94C36019147B4600D60337 /* Wisr-Info.plist */ = {isa = PBXFileReference; lastKnownFileType = text.plist.xml; path = "Wisr-Info.plist"; sourceTree = "<group>"; };
		9E94C36219147B4600D60337 /* en */ = {isa = PBXFileReference; lastKnownFileType = text.plist.strings; name = en; path = en.lproj/InfoPlist.strings; sourceTree = "<group>"; };
		9E94C36419147B4600D60337 /* main.m */ = {isa = PBXFileReference; lastKnownFileType = sourcecode.c.objc; path = main.m; sourceTree = "<group>"; };
		9E94C36619147B4600D60337 /* Wisr-Prefix.pch */ = {isa = PBXFileReference; lastKnownFileType = sourcecode.c.h; path = "Wisr-Prefix.pch"; sourceTree = "<group>"; };
		9E94C36719147B4600D60337 /* WSRAppDelegate.h */ = {isa = PBXFileReference; lastKnownFileType = sourcecode.c.h; path = WSRAppDelegate.h; sourceTree = "<group>"; };
		9E94C36819147B4600D60337 /* WSRAppDelegate.m */ = {isa = PBXFileReference; lastKnownFileType = sourcecode.c.objc; path = WSRAppDelegate.m; sourceTree = "<group>"; };
		9E94C36B19147B4600D60337 /* Base */ = {isa = PBXFileReference; lastKnownFileType = file.storyboard; name = Base; path = Base.lproj/Main.storyboard; sourceTree = "<group>"; };
		9E94C37319147B4600D60337 /* Images.xcassets */ = {isa = PBXFileReference; lastKnownFileType = folder.assetcatalog; path = Images.xcassets; sourceTree = "<group>"; };
		9E94C37919147B4600D60337 /* WisrTests.xctest */ = {isa = PBXFileReference; explicitFileType = wrapper.cfbundle; includeInIndex = 0; path = WisrTests.xctest; sourceTree = BUILT_PRODUCTS_DIR; };
		9E94C37A19147B4600D60337 /* XCTest.framework */ = {isa = PBXFileReference; lastKnownFileType = wrapper.framework; name = XCTest.framework; path = Library/Frameworks/XCTest.framework; sourceTree = DEVELOPER_DIR; };
		9E94C38219147B4600D60337 /* WisrTests-Info.plist */ = {isa = PBXFileReference; lastKnownFileType = text.plist.xml; path = "WisrTests-Info.plist"; sourceTree = "<group>"; };
		9E94C38419147B4600D60337 /* en */ = {isa = PBXFileReference; lastKnownFileType = text.plist.strings; name = en; path = en.lproj/InfoPlist.strings; sourceTree = "<group>"; };
		9E94C38619147B4600D60337 /* WisrTests.m */ = {isa = PBXFileReference; lastKnownFileType = sourcecode.c.objc; path = WisrTests.m; sourceTree = "<group>"; };
		9E94C394191486D600D60337 /* WSRAsker.h */ = {isa = PBXFileReference; fileEncoding = 4; lastKnownFileType = sourcecode.c.h; name = WSRAsker.h; path = Askers/WSRAsker.h; sourceTree = "<group>"; };
		9E94C395191486D600D60337 /* WSRAsker.m */ = {isa = PBXFileReference; fileEncoding = 4; lastKnownFileType = sourcecode.c.objc; name = WSRAsker.m; path = Askers/WSRAsker.m; sourceTree = "<group>"; };
		9E94C39719148AD300D60337 /* WSRAskersViewController.h */ = {isa = PBXFileReference; fileEncoding = 4; lastKnownFileType = sourcecode.c.h; name = WSRAskersViewController.h; path = Askers/WSRAskersViewController.h; sourceTree = "<group>"; };
		9E94C39819148AD300D60337 /* WSRAskersViewController.m */ = {isa = PBXFileReference; fileEncoding = 4; lastKnownFileType = sourcecode.c.objc; name = WSRAskersViewController.m; path = Askers/WSRAskersViewController.m; sourceTree = "<group>"; };
		9E94C39B19152D6800D60337 /* WSRApi.h */ = {isa = PBXFileReference; fileEncoding = 4; lastKnownFileType = sourcecode.c.h; name = WSRApi.h; path = Api/WSRApi.h; sourceTree = "<group>"; };
		9E94C39C19152D6800D60337 /* WSRApi.m */ = {isa = PBXFileReference; fileEncoding = 4; lastKnownFileType = sourcecode.c.objc; name = WSRApi.m; path = Api/WSRApi.m; sourceTree = "<group>"; };
		9E94C39F19156B8F00D60337 /* WSRFeedViewController.h */ = {isa = PBXFileReference; fileEncoding = 4; lastKnownFileType = sourcecode.c.h; name = WSRFeedViewController.h; path = Feeds/WSRFeedViewController.h; sourceTree = "<group>"; };
		9E94C3A019156B8F00D60337 /* WSRFeedViewController.m */ = {isa = PBXFileReference; fileEncoding = 4; lastKnownFileType = sourcecode.c.objc; name = WSRFeedViewController.m; path = Feeds/WSRFeedViewController.m; sourceTree = "<group>"; };
		9EA566A1194D08B000FA02F1 /* WSRSettingsViewController.h */ = {isa = PBXFileReference; fileEncoding = 4; lastKnownFileType = sourcecode.c.h; name = WSRSettingsViewController.h; path = Settings/WSRSettingsViewController.h; sourceTree = "<group>"; };
		9EA566A2194D08B000FA02F1 /* WSRSettingsViewController.m */ = {isa = PBXFileReference; fileEncoding = 4; lastKnownFileType = sourcecode.c.objc; name = WSRSettingsViewController.m; path = Settings/WSRSettingsViewController.m; sourceTree = "<group>"; };
		9EA5DA9B1922493100BD1C6D /* WSRWebViewNavigation.h */ = {isa = PBXFileReference; fileEncoding = 4; lastKnownFileType = sourcecode.c.h; name = WSRWebViewNavigation.h; path = WebViewNavigation/WSRWebViewNavigation.h; sourceTree = "<group>"; };
		9EA5DA9C1922493100BD1C6D /* WSRWebViewNavigation.m */ = {isa = PBXFileReference; fileEncoding = 4; lastKnownFileType = sourcecode.c.objc; name = WSRWebViewNavigation.m; path = WebViewNavigation/WSRWebViewNavigation.m; sourceTree = "<group>"; };
		9EC2B53A193F4C8B005B81C7 /* WSRMyFeedViewController.h */ = {isa = PBXFileReference; fileEncoding = 4; lastKnownFileType = sourcecode.c.h; name = WSRMyFeedViewController.h; path = MyFeed/WSRMyFeedViewController.h; sourceTree = "<group>"; };
		9EC2B53B193F4C96005B81C7 /* WSRMyFeedViewController.m */ = {isa = PBXFileReference; fileEncoding = 4; lastKnownFileType = sourcecode.c.objc; name = WSRMyFeedViewController.m; path = MyFeed/WSRMyFeedViewController.m; sourceTree = "<group>"; };
		9ECFC7B71923967200A6D39B /* UIColor+HexColors.h */ = {isa = PBXFileReference; fileEncoding = 4; lastKnownFileType = sourcecode.c.h; name = "UIColor+HexColors.h"; path = "Lib/UIColor+HexColors.h"; sourceTree = "<group>"; };
		9ECFC7B8192396B100A6D39B /* UIColor+HexColors.m */ = {isa = PBXFileReference; fileEncoding = 4; lastKnownFileType = sourcecode.c.objc; name = "UIColor+HexColors.m"; path = "Lib/UIColor+HexColors.m"; sourceTree = "<group>"; };
		9EF7DB4F19326D09001078CD /* WSRAskersFollowViewController.h */ = {isa = PBXFileReference; fileEncoding = 4; lastKnownFileType = sourcecode.c.h; name = WSRAskersFollowViewController.h; path = Askers/WSRAskersFollowViewController.h; sourceTree = "<group>"; };
		9EF7DB5019326D09001078CD /* WSRAskersFollowViewController.m */ = {isa = PBXFileReference; fileEncoding = 4; lastKnownFileType = sourcecode.c.objc; name = WSRAskersFollowViewController.m; path = Askers/WSRAskersFollowViewController.m; sourceTree = "<group>"; };
/* End PBXFileReference section */

/* Begin PBXFrameworksBuildPhase section */
		9E94C35219147B4600D60337 /* Frameworks */ = {
			isa = PBXFrameworksBuildPhase;
			buildActionMask = 2147483647;
			files = (
				9E94C35B19147B4600D60337 /* CoreGraphics.framework in Frameworks */,
				9E94C35D19147B4600D60337 /* UIKit.framework in Frameworks */,
				9E94C35919147B4600D60337 /* Foundation.framework in Frameworks */,
			);
			runOnlyForDeploymentPostprocessing = 0;
		};
		9E94C37619147B4600D60337 /* Frameworks */ = {
			isa = PBXFrameworksBuildPhase;
			buildActionMask = 2147483647;
			files = (
				9E94C37B19147B4600D60337 /* XCTest.framework in Frameworks */,
				9E94C37D19147B4600D60337 /* UIKit.framework in Frameworks */,
				9E94C37C19147B4600D60337 /* Foundation.framework in Frameworks */,
			);
			runOnlyForDeploymentPostprocessing = 0;
		};
/* End PBXFrameworksBuildPhase section */

/* Begin PBXGroup section */
		9E347FC4192792BE00FB3A41 /* Authentication */ = {
			isa = PBXGroup;
			children = (
				9E347FC5192798D800FB3A41 /* WSRAuthenticationViewController.h */,
				9E347FC6192798D800FB3A41 /* WSRAuthenticationViewController.m */,
			);
			name = Authentication;
			sourceTree = "<group>";
		};
		9E3AF74A1924EEC0005EE6EB /* MyFeed */ = {
			isa = PBXGroup;
			children = (
				9EC2B53A193F4C8B005B81C7 /* WSRMyFeedViewController.h */,
				9EC2B53B193F4C96005B81C7 /* WSRMyFeedViewController.m */,
			);
			name = MyFeed;
			sourceTree = "<group>";
		};
		9E94C34C19147B4600D60337 = {
			isa = PBXGroup;
			children = (
				9E94C35E19147B4600D60337 /* Wisr */,
				9E94C38019147B4600D60337 /* WisrTests */,
				9E94C35719147B4600D60337 /* Frameworks */,
				9E94C35619147B4600D60337 /* Products */,
			);
			sourceTree = "<group>";
		};
		9E94C35619147B4600D60337 /* Products */ = {
			isa = PBXGroup;
			children = (
				9E94C35519147B4600D60337 /* Wisr.app */,
				9E94C37919147B4600D60337 /* WisrTests.xctest */,
			);
			name = Products;
			sourceTree = "<group>";
		};
		9E94C35719147B4600D60337 /* Frameworks */ = {
			isa = PBXGroup;
			children = (
				9E94C35819147B4600D60337 /* Foundation.framework */,
				9E94C35A19147B4600D60337 /* CoreGraphics.framework */,
				9E94C35C19147B4600D60337 /* UIKit.framework */,
				9E94C37A19147B4600D60337 /* XCTest.framework */,
			);
			name = Frameworks;
			sourceTree = "<group>";
		};
		9E94C35E19147B4600D60337 /* Wisr */ = {
			isa = PBXGroup;
			children = (
				9E94C39A19152D1300D60337 /* Api */,
				9E347FC4192792BE00FB3A41 /* Authentication */,
				9E94C393191483F900D60337 /* Askers */,
				9E94C39E19156AD700D60337 /* Feeds */,
				9E3AF74A1924EEC0005EE6EB /* MyFeed */,
				9EA5DA9A192248AB00BD1C6D /* WebViewNavigation */,
				9ECFC7B319230F2500A6D39B /* Lib */,
				9EA566A0194D089400FA02F1 /* Settings */,
				9E94C36719147B4600D60337 /* WSRAppDelegate.h */,
				9E94C36819147B4600D60337 /* WSRAppDelegate.m */,
				9E94C36A19147B4600D60337 /* Main.storyboard */,
				9E94C37319147B4600D60337 /* Images.xcassets */,
				9E94C35F19147B4600D60337 /* Supporting Files */,
			);
			path = Wisr;
			sourceTree = "<group>";
		};
		9E94C35F19147B4600D60337 /* Supporting Files */ = {
			isa = PBXGroup;
			children = (
				9E94C36019147B4600D60337 /* Wisr-Info.plist */,
				9E94C36119147B4600D60337 /* InfoPlist.strings */,
				9E94C36419147B4600D60337 /* main.m */,
				9E94C36619147B4600D60337 /* Wisr-Prefix.pch */,
			);
			name = "Supporting Files";
			sourceTree = "<group>";
		};
		9E94C38019147B4600D60337 /* WisrTests */ = {
			isa = PBXGroup;
			children = (
				9E94C38619147B4600D60337 /* WisrTests.m */,
				9E94C38119147B4600D60337 /* Supporting Files */,
			);
			path = WisrTests;
			sourceTree = "<group>";
		};
		9E94C38119147B4600D60337 /* Supporting Files */ = {
			isa = PBXGroup;
			children = (
				9E94C38219147B4600D60337 /* WisrTests-Info.plist */,
				9E94C38319147B4600D60337 /* InfoPlist.strings */,
			);
			name = "Supporting Files";
			sourceTree = "<group>";
		};
		9E94C393191483F900D60337 /* Askers */ = {
			isa = PBXGroup;
			children = (
				9E94C394191486D600D60337 /* WSRAsker.h */,
				9E94C395191486D600D60337 /* WSRAsker.m */,
				9E94C39719148AD300D60337 /* WSRAskersViewController.h */,
				9E94C39819148AD300D60337 /* WSRAskersViewController.m */,
				9EF7DB4F19326D09001078CD /* WSRAskersFollowViewController.h */,
				9EF7DB5019326D09001078CD /* WSRAskersFollowViewController.m */,
			);
			name = Askers;
			sourceTree = "<group>";
		};
		9E94C39A19152D1300D60337 /* Api */ = {
			isa = PBXGroup;
			children = (
				9E94C39B19152D6800D60337 /* WSRApi.h */,
				9E94C39C19152D6800D60337 /* WSRApi.m */,
			);
			name = Api;
			sourceTree = "<group>";
		};
		9E94C39E19156AD700D60337 /* Feeds */ = {
			isa = PBXGroup;
			children = (
				9E94C39F19156B8F00D60337 /* WSRFeedViewController.h */,
				9E94C3A019156B8F00D60337 /* WSRFeedViewController.m */,
			);
			name = Feeds;
			sourceTree = "<group>";
		};
		9EA566A0194D089400FA02F1 /* Settings */ = {
			isa = PBXGroup;
			children = (
				9EA566A1194D08B000FA02F1 /* WSRSettingsViewController.h */,
				9EA566A2194D08B000FA02F1 /* WSRSettingsViewController.m */,
			);
			name = Settings;
			sourceTree = "<group>";
		};
		9EA5DA9A192248AB00BD1C6D /* WebViewNavigation */ = {
			isa = PBXGroup;
			children = (
				9EA5DA9B1922493100BD1C6D /* WSRWebViewNavigation.h */,
				9EA5DA9C1922493100BD1C6D /* WSRWebViewNavigation.m */,
			);
			name = WebViewNavigation;
			sourceTree = "<group>";
		};
		9ECFC7B319230F2500A6D39B /* Lib */ = {
			isa = PBXGroup;
			children = (
				9ECFC7B71923967200A6D39B /* UIColor+HexColors.h */,
				9ECFC7B8192396B100A6D39B /* UIColor+HexColors.m */,
			);
			name = Lib;
			sourceTree = "<group>";
		};
/* End PBXGroup section */

/* Begin PBXNativeTarget section */
		9E94C35419147B4600D60337 /* Wisr */ = {
			isa = PBXNativeTarget;
			buildConfigurationList = 9E94C38A19147B4600D60337 /* Build configuration list for PBXNativeTarget "Wisr" */;
			buildPhases = (
				9E94C35119147B4600D60337 /* Sources */,
				9E94C35219147B4600D60337 /* Frameworks */,
				9E94C35319147B4600D60337 /* Resources */,
			);
			buildRules = (
			);
			dependencies = (
			);
			name = Wisr;
			productName = Wisr;
			productReference = 9E94C35519147B4600D60337 /* Wisr.app */;
			productType = "com.apple.product-type.application";
		};
		9E94C37819147B4600D60337 /* WisrTests */ = {
			isa = PBXNativeTarget;
			buildConfigurationList = 9E94C38D19147B4600D60337 /* Build configuration list for PBXNativeTarget "WisrTests" */;
			buildPhases = (
				9E94C37519147B4600D60337 /* Sources */,
				9E94C37619147B4600D60337 /* Frameworks */,
				9E94C37719147B4600D60337 /* Resources */,
			);
			buildRules = (
			);
			dependencies = (
				9E94C37F19147B4600D60337 /* PBXTargetDependency */,
			);
			name = WisrTests;
			productName = WisrTests;
			productReference = 9E94C37919147B4600D60337 /* WisrTests.xctest */;
			productType = "com.apple.product-type.bundle.unit-test";
		};
/* End PBXNativeTarget section */

/* Begin PBXProject section */
		9E94C34D19147B4600D60337 /* Project object */ = {
			isa = PBXProject;
			attributes = {
				CLASSPREFIX = WSR;
				LastUpgradeCheck = 0500;
				ORGANIZATIONNAME = Wisr;
				TargetAttributes = {
					9E94C37819147B4600D60337 = {
						TestTargetID = 9E94C35419147B4600D60337;
					};
				};
			};
			buildConfigurationList = 9E94C35019147B4600D60337 /* Build configuration list for PBXProject "Wisr" */;
			compatibilityVersion = "Xcode 3.2";
			developmentRegion = English;
			hasScannedForEncodings = 0;
			knownRegions = (
				en,
				Base,
			);
			mainGroup = 9E94C34C19147B4600D60337;
			productRefGroup = 9E94C35619147B4600D60337 /* Products */;
			projectDirPath = "";
			projectRoot = "";
			targets = (
				9E94C35419147B4600D60337 /* Wisr */,
				9E94C37819147B4600D60337 /* WisrTests */,
			);
		};
/* End PBXProject section */

/* Begin PBXResourcesBuildPhase section */
		9E94C35319147B4600D60337 /* Resources */ = {
			isa = PBXResourcesBuildPhase;
			buildActionMask = 2147483647;
			files = (
				9E94C37419147B4600D60337 /* Images.xcassets in Resources */,
				9E94C36319147B4600D60337 /* InfoPlist.strings in Resources */,
				9E94C36C19147B4600D60337 /* Main.storyboard in Resources */,
			);
			runOnlyForDeploymentPostprocessing = 0;
		};
		9E94C37719147B4600D60337 /* Resources */ = {
			isa = PBXResourcesBuildPhase;
			buildActionMask = 2147483647;
			files = (
				9E94C38519147B4600D60337 /* InfoPlist.strings in Resources */,
			);
			runOnlyForDeploymentPostprocessing = 0;
		};
/* End PBXResourcesBuildPhase section */

/* Begin PBXSourcesBuildPhase section */
		9E94C35119147B4600D60337 /* Sources */ = {
			isa = PBXSourcesBuildPhase;
			buildActionMask = 2147483647;
			files = (
				9E94C39919148AD300D60337 /* WSRAskersViewController.m in Sources */,
				9E94C36519147B4600D60337 /* main.m in Sources */,
				9EA566A3194D08B000FA02F1 /* WSRSettingsViewController.m in Sources */,
				9ECFC7B9192396B100A6D39B /* UIColor+HexColors.m in Sources */,
				9EF7DB5119326D09001078CD /* WSRAskersFollowViewController.m in Sources */,
				9E347FC7192798D800FB3A41 /* WSRAuthenticationViewController.m in Sources */,
				9E94C36919147B4600D60337 /* WSRAppDelegate.m in Sources */,
				9E94C3A119156B8F00D60337 /* WSRFeedViewController.m in Sources */,
				9E94C39D19152D6800D60337 /* WSRApi.m in Sources */,
				9E94C396191486D600D60337 /* WSRAsker.m in Sources */,
				9EC2B53C193F4C96005B81C7 /* WSRMyFeedViewController.m in Sources */,
				9EA5DA9D1922493100BD1C6D /* WSRWebViewNavigation.m in Sources */,
			);
			runOnlyForDeploymentPostprocessing = 0;
		};
		9E94C37519147B4600D60337 /* Sources */ = {
			isa = PBXSourcesBuildPhase;
			buildActionMask = 2147483647;
			files = (
				9E94C38719147B4600D60337 /* WisrTests.m in Sources */,
			);
			runOnlyForDeploymentPostprocessing = 0;
		};
/* End PBXSourcesBuildPhase section */

/* Begin PBXTargetDependency section */
		9E94C37F19147B4600D60337 /* PBXTargetDependency */ = {
			isa = PBXTargetDependency;
			target = 9E94C35419147B4600D60337 /* Wisr */;
			targetProxy = 9E94C37E19147B4600D60337 /* PBXContainerItemProxy */;
		};
/* End PBXTargetDependency section */

/* Begin PBXVariantGroup section */
		9E94C36119147B4600D60337 /* InfoPlist.strings */ = {
			isa = PBXVariantGroup;
			children = (
				9E94C36219147B4600D60337 /* en */,
			);
			name = InfoPlist.strings;
			sourceTree = "<group>";
		};
		9E94C36A19147B4600D60337 /* Main.storyboard */ = {
			isa = PBXVariantGroup;
			children = (
				9E94C36B19147B4600D60337 /* Base */,
			);
			name = Main.storyboard;
			sourceTree = "<group>";
		};
		9E94C38319147B4600D60337 /* InfoPlist.strings */ = {
			isa = PBXVariantGroup;
			children = (
				9E94C38419147B4600D60337 /* en */,
			);
			name = InfoPlist.strings;
			sourceTree = "<group>";
		};
/* End PBXVariantGroup section */

/* Begin XCBuildConfiguration section */
		9E94C38819147B4600D60337 /* Debug */ = {
			isa = XCBuildConfiguration;
			buildSettings = {
				ALWAYS_SEARCH_USER_PATHS = NO;
				ARCHS = "$(ARCHS_STANDARD_INCLUDING_64_BIT)";
				CLANG_CXX_LANGUAGE_STANDARD = "gnu++0x";
				CLANG_CXX_LIBRARY = "libc++";
				CLANG_ENABLE_MODULES = YES;
				CLANG_ENABLE_OBJC_ARC = YES;
				CLANG_WARN_BOOL_CONVERSION = YES;
				CLANG_WARN_CONSTANT_CONVERSION = YES;
				CLANG_WARN_DIRECT_OBJC_ISA_USAGE = YES_ERROR;
				CLANG_WARN_EMPTY_BODY = YES;
				CLANG_WARN_ENUM_CONVERSION = YES;
				CLANG_WARN_INT_CONVERSION = YES;
				CLANG_WARN_OBJC_ROOT_CLASS = YES_ERROR;
				CLANG_WARN__DUPLICATE_METHOD_MATCH = YES;
				CODE_SIGN_IDENTITY = "iPhone Developer: Joshua Silverman (N2ASP9X9EG)";
				"CODE_SIGN_IDENTITY[sdk=iphoneos*]" = "iPhone Developer: Joshua Silverman (N2ASP9X9EG)";
				COPY_PHASE_STRIP = NO;
				GCC_C_LANGUAGE_STANDARD = gnu99;
				GCC_DYNAMIC_NO_PIC = NO;
				GCC_OPTIMIZATION_LEVEL = 0;
				GCC_PREPROCESSOR_DEFINITIONS = (
					"DEBUG=1",
					"$(inherited)",
				);
				GCC_SYMBOLS_PRIVATE_EXTERN = NO;
				GCC_WARN_64_TO_32_BIT_CONVERSION = YES;
				GCC_WARN_ABOUT_RETURN_TYPE = YES_ERROR;
				GCC_WARN_UNDECLARED_SELECTOR = YES;
				GCC_WARN_UNINITIALIZED_AUTOS = YES;
				GCC_WARN_UNUSED_FUNCTION = YES;
				GCC_WARN_UNUSED_VARIABLE = YES;
				IPHONEOS_DEPLOYMENT_TARGET = 7.0;
				ONLY_ACTIVE_ARCH = YES;
				SDKROOT = iphoneos;
			};
			name = Debug;
		};
		9E94C38919147B4600D60337 /* Release */ = {
			isa = XCBuildConfiguration;
			buildSettings = {
				ALWAYS_SEARCH_USER_PATHS = NO;
				ARCHS = "$(ARCHS_STANDARD_INCLUDING_64_BIT)";
				CLANG_CXX_LANGUAGE_STANDARD = "gnu++0x";
				CLANG_CXX_LIBRARY = "libc++";
				CLANG_ENABLE_MODULES = YES;
				CLANG_ENABLE_OBJC_ARC = YES;
				CLANG_WARN_BOOL_CONVERSION = YES;
				CLANG_WARN_CONSTANT_CONVERSION = YES;
				CLANG_WARN_DIRECT_OBJC_ISA_USAGE = YES_ERROR;
				CLANG_WARN_EMPTY_BODY = YES;
				CLANG_WARN_ENUM_CONVERSION = YES;
				CLANG_WARN_INT_CONVERSION = YES;
				CLANG_WARN_OBJC_ROOT_CLASS = YES_ERROR;
				CLANG_WARN__DUPLICATE_METHOD_MATCH = YES;
				CODE_SIGN_IDENTITY = "iPhone Distribution: Zendo Labs, Inc (PK5Q9E73J7)";
				"CODE_SIGN_IDENTITY[sdk=iphoneos*]" = "iPhone Distribution: Zendo Labs, Inc (PK5Q9E73J7)";
				COPY_PHASE_STRIP = YES;
				ENABLE_NS_ASSERTIONS = NO;
				GCC_C_LANGUAGE_STANDARD = gnu99;
				GCC_WARN_64_TO_32_BIT_CONVERSION = YES;
				GCC_WARN_ABOUT_RETURN_TYPE = YES_ERROR;
				GCC_WARN_UNDECLARED_SELECTOR = YES;
				GCC_WARN_UNINITIALIZED_AUTOS = YES;
				GCC_WARN_UNUSED_FUNCTION = YES;
				GCC_WARN_UNUSED_VARIABLE = YES;
				IPHONEOS_DEPLOYMENT_TARGET = 7.0;
				PRODUCT_NAME = "";
				SDKROOT = iphoneos;
				VALIDATE_PRODUCT = YES;
			};
			name = Release;
		};
		9E94C38B19147B4600D60337 /* Debug */ = {
			isa = XCBuildConfiguration;
			buildSettings = {
				ASSETCATALOG_COMPILER_APPICON_NAME = AppIcon;
				ASSETCATALOG_COMPILER_LAUNCHIMAGE_NAME = LaunchImage;
				CODE_SIGN_IDENTITY = "iPhone Developer";
				"CODE_SIGN_IDENTITY[sdk=iphoneos*]" = "iPhone Developer";
				GCC_PRECOMPILE_PREFIX_HEADER = YES;
				GCC_PREFIX_HEADER = "Wisr/Wisr-Prefix.pch";
				INFOPLIST_FILE = "Wisr/Wisr-Info.plist";
				PRODUCT_NAME = "$(TARGET_NAME)";
				PROVISIONING_PROFILE = "";
				WRAPPER_EXTENSION = app;
			};
			name = Debug;
		};
		9E94C38C19147B4600D60337 /* Release */ = {
			isa = XCBuildConfiguration;
			buildSettings = {
				ASSETCATALOG_COMPILER_APPICON_NAME = AppIcon;
				ASSETCATALOG_COMPILER_LAUNCHIMAGE_NAME = LaunchImage;
				CODE_SIGN_IDENTITY = "iPhone Distribution: Zendo Labs, Inc (PK5Q9E73J7)";
				"CODE_SIGN_IDENTITY[sdk=iphoneos*]" = "iPhone Distribution: Zendo Labs, Inc (PK5Q9E73J7)";
				GCC_PRECOMPILE_PREFIX_HEADER = YES;
				GCC_PREFIX_HEADER = "Wisr/Wisr-Prefix.pch";
				INFOPLIST_FILE = "Wisr/Wisr-Info.plist";
				PRODUCT_NAME = "$(TARGET_NAME)";
				PROVISIONING_PROFILE = "";
				WRAPPER_EXTENSION = app;
			};
			name = Release;
		};
		9E94C38E19147B4600D60337 /* Debug */ = {
			isa = XCBuildConfiguration;
			buildSettings = {
				ARCHS = "$(ARCHS_STANDARD_INCLUDING_64_BIT)";
				BUNDLE_LOADER = "$(BUILT_PRODUCTS_DIR)/Wisr.app/Wisr";
				FRAMEWORK_SEARCH_PATHS = (
					"$(SDKROOT)/Developer/Library/Frameworks",
					"$(inherited)",
					"$(DEVELOPER_FRAMEWORKS_DIR)",
				);
				GCC_PRECOMPILE_PREFIX_HEADER = YES;
				GCC_PREFIX_HEADER = "Wisr/Wisr-Prefix.pch";
				GCC_PREPROCESSOR_DEFINITIONS = (
					"DEBUG=1",
					"$(inherited)",
				);
				INFOPLIST_FILE = "WisrTests/WisrTests-Info.plist";
				PRODUCT_NAME = "$(TARGET_NAME)";
				TEST_HOST = "$(BUNDLE_LOADER)";
				WRAPPER_EXTENSION = xctest;
			};
			name = Debug;
		};
		9E94C38F19147B4600D60337 /* Release */ = {
			isa = XCBuildConfiguration;
			buildSettings = {
				ARCHS = "$(ARCHS_STANDARD_INCLUDING_64_BIT)";
				BUNDLE_LOADER = "$(BUILT_PRODUCTS_DIR)/Wisr.app/Wisr";
				FRAMEWORK_SEARCH_PATHS = (
					"$(SDKROOT)/Developer/Library/Frameworks",
					"$(inherited)",
					"$(DEVELOPER_FRAMEWORKS_DIR)",
				);
				GCC_PRECOMPILE_PREFIX_HEADER = YES;
				GCC_PREFIX_HEADER = "Wisr/Wisr-Prefix.pch";
				INFOPLIST_FILE = "WisrTests/WisrTests-Info.plist";
				PRODUCT_NAME = "$(TARGET_NAME)";
				TEST_HOST = "$(BUNDLE_LOADER)";
				WRAPPER_EXTENSION = xctest;
			};
			name = Release;
		};
/* End XCBuildConfiguration section */

/* Begin XCConfigurationList section */
		9E94C35019147B4600D60337 /* Build configuration list for PBXProject "Wisr" */ = {
			isa = XCConfigurationList;
			buildConfigurations = (
				9E94C38819147B4600D60337 /* Debug */,
				9E94C38919147B4600D60337 /* Release */,
			);
			defaultConfigurationIsVisible = 0;
			defaultConfigurationName = Release;
		};
		9E94C38A19147B4600D60337 /* Build configuration list for PBXNativeTarget "Wisr" */ = {
			isa = XCConfigurationList;
			buildConfigurations = (
				9E94C38B19147B4600D60337 /* Debug */,
				9E94C38C19147B4600D60337 /* Release */,
			);
			defaultConfigurationIsVisible = 0;
			defaultConfigurationName = Release;
		};
		9E94C38D19147B4600D60337 /* Build configuration list for PBXNativeTarget "WisrTests" */ = {
			isa = XCConfigurationList;
			buildConfigurations = (
				9E94C38E19147B4600D60337 /* Debug */,
				9E94C38F19147B4600D60337 /* Release */,
			);
			defaultConfigurationIsVisible = 0;
			defaultConfigurationName = Release;
		};
/* End XCConfigurationList section */
	};
	rootObject = 9E94C34D19147B4600D60337 /* Project object */;
}
